
Microsoft Visual Studio Solution File, Format Version 12.00
# Visual Studio Version 17
VisualStudioVersion = 17.1.32414.318
MinimumVisualStudioVersion = 10.0.40219.1
Project("{2150E333-8FDC-42A3-9474-1A3956D46DE8}") = "src", "src", "{5D91F67A-0526-42B8-8570-28A65BC94777}"
EndProject
Project("{9A19103F-16F7-4668-BE54-9A1E7A4F7556}") = "NursesScheduler.Domain", "NursesSheduler.Domain\NursesScheduler.Domain.csproj", "{E802569E-E0DA-46B5-85D5-1F4F6F505FD5}"
EndProject
Project("{9A19103F-16F7-4668-BE54-9A1E7A4F7556}") = "NursesScheduler.Infrastructure", "NursesSheduler.Persistance\NursesScheduler.Infrastructure.csproj", "{F28C8098-E5F8-4E15-81BB-AAB9EAC2B19A}"
EndProject
Project("{9A19103F-16F7-4668-BE54-9A1E7A4F7556}") = "NursesScheduler.BlazorServerApp", "NursesSheduler.BlazorServerApp\NursesScheduler.BlazorServerApp.csproj", "{196BB60E-765F-4872-BC56-227B2BE884D5}"
EndProject
Project("{9A19103F-16F7-4668-BE54-9A1E7A4F7556}") = "NursesScheduler.WPF", "NursesSheduler.WPF\NursesScheduler.WPF.csproj", "{823F168A-567C-4918-A3D8-F98D9DD89B6C}"
EndProject
Project("{9A19103F-16F7-4668-BE54-9A1E7A4F7556}") = "NursesScheduler.BlazorShared", "NursesSheduler.BlazorShared\NursesScheduler.BlazorShared.csproj", "{4314B214-8751-4964-9C25-9FA7AD201DDF}"
EndProject
Project("{9A19103F-16F7-4668-BE54-9A1E7A4F7556}") = "NursesScheduler.BusinessLogic", "NursesSheduler.BusinessLogic\NursesScheduler.BusinessLogic.csproj", "{9C4AADDB-C6C8-446B-AC9F-7A5E99D289E5}"
EndProject
Project("{2150E333-8FDC-42A3-9474-1A3956D46DE8}") = "ClientApp", "ClientApp", "{9626D567-858B-4BA3-9058-597C071CC72C}"
EndProject
Project("{2150E333-8FDC-42A3-9474-1A3956D46DE8}") = "SolverService", "SolverService", "{729E40D5-8D1D-4BE9-8E35-F774EFB986E8}"
EndProject
Project("{9A19103F-16F7-4668-BE54-9A1E7A4F7556}") = "ScheduleSolver.TestApplication", "..\SheduleSolver\Algorithm\ScheduleSolver.TestApplication.csproj", "{FAC1115C-B560-425D-ACE1-C50A5A674E39}"
EndProject
Project("{9A19103F-16F7-4668-BE54-9A1E7A4F7556}") = "ScheduleSolver.Interfaces", "..\SheduleSolver\Algorithm.Interfaces\ScheduleSolver.Interfaces.csproj", "{9B443A78-3669-4BEB-8517-ED8C625C40C0}"
EndProject
Project("{9A19103F-16F7-4668-BE54-9A1E7A4F7556}") = "ScheduleSolver.Service", "..\SheduleSolver\Algorithm.ServiceDefinition\ScheduleSolver.Service.csproj", "{4505F68A-43C7-4006-8DFA-DEA27E073E5B}"
EndProject
Project("{9A19103F-16F7-4668-BE54-9A1E7A4F7556}") = "ScheduleSolver.Domain", "..\SheduleSolver\Domain\ScheduleSolver.Domain.csproj", "{0A398641-B98B-489E-9787-EAE6B5027BF7}"
EndProject
Project("{9A19103F-16F7-4668-BE54-9A1E7A4F7556}") = "ScheduleSolver.Implementation", "SolverService.Implementation1\ScheduleSolver.Implementation.csproj", "{A7EF509B-9DC5-4592-B8C3-3CA70D9A474F}"
	ProjectSection(ProjectDependencies) = postProject
		{9B443A78-3669-4BEB-8517-ED8C625C40C0} = {9B443A78-3669-4BEB-8517-ED8C625C40C0}
	EndProjectSection
EndProject
Global
	GlobalSection(SolutionConfigurationPlatforms) = preSolution
		Debug|Any CPU = Debug|Any CPU
		Release|Any CPU = Release|Any CPU
	EndGlobalSection
	GlobalSection(ProjectConfigurationPlatforms) = postSolution
		{E802569E-E0DA-46B5-85D5-1F4F6F505FD5}.Debug|Any CPU.ActiveCfg = Debug|Any CPU
		{E802569E-E0DA-46B5-85D5-1F4F6F505FD5}.Debug|Any CPU.Build.0 = Debug|Any CPU
		{E802569E-E0DA-46B5-85D5-1F4F6F505FD5}.Release|Any CPU.ActiveCfg = Release|Any CPU
		{E802569E-E0DA-46B5-85D5-1F4F6F505FD5}.Release|Any CPU.Build.0 = Release|Any CPU
		{F28C8098-E5F8-4E15-81BB-AAB9EAC2B19A}.Debug|Any CPU.ActiveCfg = Debug|Any CPU
		{F28C8098-E5F8-4E15-81BB-AAB9EAC2B19A}.Debug|Any CPU.Build.0 = Debug|Any CPU
		{F28C8098-E5F8-4E15-81BB-AAB9EAC2B19A}.Release|Any CPU.ActiveCfg = Release|Any CPU
		{F28C8098-E5F8-4E15-81BB-AAB9EAC2B19A}.Release|Any CPU.Build.0 = Release|Any CPU
		{196BB60E-765F-4872-BC56-227B2BE884D5}.Debug|Any CPU.ActiveCfg = Debug|Any CPU
		{196BB60E-765F-4872-BC56-227B2BE884D5}.Debug|Any CPU.Build.0 = Debug|Any CPU
		{196BB60E-765F-4872-BC56-227B2BE884D5}.Release|Any CPU.ActiveCfg = Release|Any CPU
		{196BB60E-765F-4872-BC56-227B2BE884D5}.Release|Any CPU.Build.0 = Release|Any CPU
		{823F168A-567C-4918-A3D8-F98D9DD89B6C}.Debug|Any CPU.ActiveCfg = Debug|Any CPU
		{823F168A-567C-4918-A3D8-F98D9DD89B6C}.Debug|Any CPU.Build.0 = Debug|Any CPU
		{823F168A-567C-4918-A3D8-F98D9DD89B6C}.Release|Any CPU.ActiveCfg = Release|Any CPU
		{823F168A-567C-4918-A3D8-F98D9DD89B6C}.Release|Any CPU.Build.0 = Release|Any CPU
		{4314B214-8751-4964-9C25-9FA7AD201DDF}.Debug|Any CPU.ActiveCfg = Debug|Any CPU
		{4314B214-8751-4964-9C25-9FA7AD201DDF}.Debug|Any CPU.Build.0 = Debug|Any CPU
		{4314B214-8751-4964-9C25-9FA7AD201DDF}.Release|Any CPU.ActiveCfg = Release|Any CPU
		{4314B214-8751-4964-9C25-9FA7AD201DDF}.Release|Any CPU.Build.0 = Release|Any CPU
		{9C4AADDB-C6C8-446B-AC9F-7A5E99D289E5}.Debug|Any CPU.ActiveCfg = Debug|Any CPU
		{9C4AADDB-C6C8-446B-AC9F-7A5E99D289E5}.Debug|Any CPU.Build.0 = Debug|Any CPU
		{9C4AADDB-C6C8-446B-AC9F-7A5E99D289E5}.Release|Any CPU.ActiveCfg = Release|Any CPU
		{9C4AADDB-C6C8-446B-AC9F-7A5E99D289E5}.Release|Any CPU.Build.0 = Release|Any CPU
		{FAC1115C-B560-425D-ACE1-C50A5A674E39}.Debug|Any CPU.ActiveCfg = Debug|Any CPU
		{FAC1115C-B560-425D-ACE1-C50A5A674E39}.Debug|Any CPU.Build.0 = Debug|Any CPU
		{FAC1115C-B560-425D-ACE1-C50A5A674E39}.Release|Any CPU.ActiveCfg = Release|Any CPU
		{FAC1115C-B560-425D-ACE1-C50A5A674E39}.Release|Any CPU.Build.0 = Release|Any CPU
		{9B443A78-3669-4BEB-8517-ED8C625C40C0}.Debug|Any CPU.ActiveCfg = Debug|Any CPU
		{9B443A78-3669-4BEB-8517-ED8C625C40C0}.Debug|Any CPU.Build.0 = Debug|Any CPU
		{9B443A78-3669-4BEB-8517-ED8C625C40C0}.Release|Any CPU.ActiveCfg = Release|Any CPU
		{9B443A78-3669-4BEB-8517-ED8C625C40C0}.Release|Any CPU.Build.0 = Release|Any CPU
		{4505F68A-43C7-4006-8DFA-DEA27E073E5B}.Debug|Any CPU.ActiveCfg = Debug|Any CPU
		{4505F68A-43C7-4006-8DFA-DEA27E073E5B}.Debug|Any CPU.Build.0 = Debug|Any CPU
		{4505F68A-43C7-4006-8DFA-DEA27E073E5B}.Release|Any CPU.ActiveCfg = Release|Any CPU
		{4505F68A-43C7-4006-8DFA-DEA27E073E5B}.Release|Any CPU.Build.0 = Release|Any CPU
		{0A398641-B98B-489E-9787-EAE6B5027BF7}.Debug|Any CPU.ActiveCfg = Debug|Any CPU
		{0A398641-B98B-489E-9787-EAE6B5027BF7}.Debug|Any CPU.Build.0 = Debug|Any CPU
		{0A398641-B98B-489E-9787-EAE6B5027BF7}.Release|Any CPU.ActiveCfg = Release|Any CPU
		{0A398641-B98B-489E-9787-EAE6B5027BF7}.Release|Any CPU.Build.0 = Release|Any CPU
		{A7EF509B-9DC5-4592-B8C3-3CA70D9A474F}.Debug|Any CPU.ActiveCfg = Debug|Any CPU
		{A7EF509B-9DC5-4592-B8C3-3CA70D9A474F}.Debug|Any CPU.Build.0 = Debug|Any CPU
		{A7EF509B-9DC5-4592-B8C3-3CA70D9A474F}.Release|Any CPU.ActiveCfg = Release|Any CPU
		{A7EF509B-9DC5-4592-B8C3-3CA70D9A474F}.Release|Any CPU.Build.0 = Release|Any CPU
	EndGlobalSection
	GlobalSection(SolutionProperties) = preSolution
		HideSolutionNode = FALSE
	EndGlobalSection
	GlobalSection(NestedProjects) = preSolution
		{E802569E-E0DA-46B5-85D5-1F4F6F505FD5} = {9626D567-858B-4BA3-9058-597C071CC72C}
		{F28C8098-E5F8-4E15-81BB-AAB9EAC2B19A} = {9626D567-858B-4BA3-9058-597C071CC72C}
		{196BB60E-765F-4872-BC56-227B2BE884D5} = {9626D567-858B-4BA3-9058-597C071CC72C}
		{823F168A-567C-4918-A3D8-F98D9DD89B6C} = {9626D567-858B-4BA3-9058-597C071CC72C}
		{4314B214-8751-4964-9C25-9FA7AD201DDF} = {9626D567-858B-4BA3-9058-597C071CC72C}
		{9C4AADDB-C6C8-446B-AC9F-7A5E99D289E5} = {9626D567-858B-4BA3-9058-597C071CC72C}
		{9626D567-858B-4BA3-9058-597C071CC72C} = {5D91F67A-0526-42B8-8570-28A65BC94777}
		{729E40D5-8D1D-4BE9-8E35-F774EFB986E8} = {5D91F67A-0526-42B8-8570-28A65BC94777}
		{FAC1115C-B560-425D-ACE1-C50A5A674E39} = {729E40D5-8D1D-4BE9-8E35-F774EFB986E8}
		{9B443A78-3669-4BEB-8517-ED8C625C40C0} = {729E40D5-8D1D-4BE9-8E35-F774EFB986E8}
		{4505F68A-43C7-4006-8DFA-DEA27E073E5B} = {729E40D5-8D1D-4BE9-8E35-F774EFB986E8}
		{0A398641-B98B-489E-9787-EAE6B5027BF7} = {729E40D5-8D1D-4BE9-8E35-F774EFB986E8}
		{A7EF509B-9DC5-4592-B8C3-3CA70D9A474F} = {729E40D5-8D1D-4BE9-8E35-F774EFB986E8}
	EndGlobalSection
	GlobalSection(ExtensibilityGlobals) = postSolution
		SolutionGuid = {8DC77EA8-C87D-4748-8B2F-57AB1A06A0A9}
	EndGlobalSection
EndGlobal
